<Solution>
  <Folder Name="/src/">
    <Project Path="Teaching.Concurrency.Queue.DataAccess/Teaching.Concurrency.Queue.DataAccess.csproj" />
    <Project Path="Teaching.Concurrency.Queue.Handler.Process/Teaching.Concurrency.Queue.Handler.Process.csproj" />
    <Project Path="Teaching.Concurrency.Queue.Handler/Teaching.Concurrency.Queue.Handler.csproj" />
    <Project Path="Teaching.Concurrency.Queue.Scheduler/Teaching.Concurrency.Queue.Scheduler.csproj" />
  </Folder>
</Solution>
